// !$*UTF8*$!
{
	archiveVersion = 1;
	classes = {
	};
	objectVersion = 46;
	objects = {

/* Begin PBXBuildFile section */
		4185AB9418063EB9000D8FFE /* Parse.framework in Frameworks */ = {isa = PBXBuildFile; fileRef = 4185AB9318063EB9000D8FFE /* Parse.framework */; };
		4290FAB81952AFAE005F61FB /* CopyConnection.framework in Frameworks */ = {isa = PBXBuildFile; fileRef = 4290FA661952AFAD005F61FB /* CopyConnection.framework */; };
		4290FAB91952AFAF005F61FB /* DouBanConnection.framework in Frameworks */ = {isa = PBXBuildFile; fileRef = 4290FA671952AFAD005F61FB /* DouBanConnection.framework */; };
		4290FABA1952AFAF005F61FB /* DropboxConnection.framework in Frameworks */ = {isa = PBXBuildFile; fileRef = 4290FA681952AFAD005F61FB /* DropboxConnection.framework */; };
		4290FABB1952AFAF005F61FB /* EverNoteConnection.framework in Frameworks */ = {isa = PBXBuildFile; fileRef = 4290FA691952AFAD005F61FB /* EverNoteConnection.framework */; };
		4290FABC1952AFAF005F61FB /* FacebookConnection.framework in Frameworks */ = {isa = PBXBuildFile; fileRef = 4290FA6A1952AFAD005F61FB /* FacebookConnection.framework */; };
		4290FABD1952AFAF005F61FB /* FlickrConnection.framework in Frameworks */ = {isa = PBXBuildFile; fileRef = 4290FA6B1952AFAD005F61FB /* FlickrConnection.framework */; };
		4290FABE1952AFAF005F61FB /* GooglePlusConnection.framework in Frameworks */ = {isa = PBXBuildFile; fileRef = 4290FA6C1952AFAD005F61FB /* GooglePlusConnection.framework */; };
		4290FABF1952AFAF005F61FB /* InstagramConnection.framework in Frameworks */ = {isa = PBXBuildFile; fileRef = 4290FA6D1952AFAD005F61FB /* InstagramConnection.framework */; };
		4290FAC01952AFAF005F61FB /* InstapaperConnection.framework in Frameworks */ = {isa = PBXBuildFile; fileRef = 4290FA6E1952AFAD005F61FB /* InstapaperConnection.framework */; };
		4290FAC11952AFAF005F61FB /* InstapaperResource.bundle in Resources */ = {isa = PBXBuildFile; fileRef = 4290FA6F1952AFAD005F61FB /* InstapaperResource.bundle */; };
		4290FAC21952AFAF005F61FB /* KaiXinConnection.framework in Frameworks */ = {isa = PBXBuildFile; fileRef = 4290FA701952AFAD005F61FB /* KaiXinConnection.framework */; };
		4290FAC31952AFAF005F61FB /* LinkedInConnection.framework in Frameworks */ = {isa = PBXBuildFile; fileRef = 4290FA711952AFAD005F61FB /* LinkedInConnection.framework */; };
		4290FAC41952AFAF005F61FB /* MailConnection.framework in Frameworks */ = {isa = PBXBuildFile; fileRef = 4290FA721952AFAE005F61FB /* MailConnection.framework */; };
		4290FAC51952AFAF005F61FB /* PinterestConnection.framework in Frameworks */ = {isa = PBXBuildFile; fileRef = 4290FA731952AFAE005F61FB /* PinterestConnection.framework */; };
		4290FAC61952AFAF005F61FB /* PocketConnection.framework in Frameworks */ = {isa = PBXBuildFile; fileRef = 4290FA741952AFAE005F61FB /* PocketConnection.framework */; };
		4290FAC71952AFAF005F61FB /* PrintConnection.framework in Frameworks */ = {isa = PBXBuildFile; fileRef = 4290FA751952AFAE005F61FB /* PrintConnection.framework */; };
		4290FAC81952AFAF005F61FB /* QQConnection.framework in Frameworks */ = {isa = PBXBuildFile; fileRef = 4290FA761952AFAE005F61FB /* QQConnection.framework */; };
		4290FAC91952AFAF005F61FB /* QZoneConnection.framework in Frameworks */ = {isa = PBXBuildFile; fileRef = 4290FA771952AFAE005F61FB /* QZoneConnection.framework */; };
		4290FACA1952AFAF005F61FB /* RenRenConnection.framework in Frameworks */ = {isa = PBXBuildFile; fileRef = 4290FA781952AFAE005F61FB /* RenRenConnection.framework */; };
		4290FACB1952AFAF005F61FB /* SinaWeiboConnection.framework in Frameworks */ = {isa = PBXBuildFile; fileRef = 4290FA791952AFAE005F61FB /* SinaWeiboConnection.framework */; };
		4290FACC1952AFAF005F61FB /* SMSConnection.framework in Frameworks */ = {isa = PBXBuildFile; fileRef = 4290FA7A1952AFAE005F61FB /* SMSConnection.framework */; };
		4290FACD1952AFAF005F61FB /* SohuConnection.framework in Frameworks */ = {isa = PBXBuildFile; fileRef = 4290FA7B1952AFAE005F61FB /* SohuConnection.framework */; };
		4290FACE1952AFAF005F61FB /* SohuWeiboConnection.framework in Frameworks */ = {isa = PBXBuildFile; fileRef = 4290FA7C1952AFAE005F61FB /* SohuWeiboConnection.framework */; };
		4290FACF1952AFAF005F61FB /* T163WeiboConnection.framework in Frameworks */ = {isa = PBXBuildFile; fileRef = 4290FA7D1952AFAE005F61FB /* T163WeiboConnection.framework */; };
		4290FAD01952AFAF005F61FB /* TencentWeiboConnection.framework in Frameworks */ = {isa = PBXBuildFile; fileRef = 4290FA7E1952AFAE005F61FB /* TencentWeiboConnection.framework */; };
		4290FAD11952AFAF005F61FB /* TumblrConnection.framework in Frameworks */ = {isa = PBXBuildFile; fileRef = 4290FA7F1952AFAE005F61FB /* TumblrConnection.framework */; };
		4290FAD21952AFAF005F61FB /* TwitterConnection.framework in Frameworks */ = {isa = PBXBuildFile; fileRef = 4290FA801952AFAE005F61FB /* TwitterConnection.framework */; };
		4290FAD31952AFAF005F61FB /* VKontakteConnection.framework in Frameworks */ = {isa = PBXBuildFile; fileRef = 4290FA811952AFAE005F61FB /* VKontakteConnection.framework */; };
		4290FAD41952AFAF005F61FB /* WeChatConnection.framework in Frameworks */ = {isa = PBXBuildFile; fileRef = 4290FA821952AFAE005F61FB /* WeChatConnection.framework */; };
		4290FAD51952AFAF005F61FB /* YiXinConnection.framework in Frameworks */ = {isa = PBXBuildFile; fileRef = 4290FA831952AFAE005F61FB /* YiXinConnection.framework */; };
		4290FAD61952AFAF005F61FB /* YouDaoNoteConnection.framework in Frameworks */ = {isa = PBXBuildFile; fileRef = 4290FA841952AFAE005F61FB /* YouDaoNoteConnection.framework */; };
		4290FAD71952AFAF005F61FB /* AGCommon.framework in Frameworks */ = {isa = PBXBuildFile; fileRef = 4290FA861952AFAE005F61FB /* AGCommon.framework */; };
		4290FAD81952AFAF005F61FB /* ShareSDKLocalizable.strings in Resources */ = {isa = PBXBuildFile; fileRef = 4290FA871952AFAE005F61FB /* ShareSDKLocalizable.strings */; };
		4290FAD91952AFAF005F61FB /* Resource.bundle in Resources */ = {isa = PBXBuildFile; fileRef = 4290FA891952AFAE005F61FB /* Resource.bundle */; };
		4290FADA1952AFAF005F61FB /* ShareSDKCoreService.framework in Frameworks */ = {isa = PBXBuildFile; fileRef = 4290FA8A1952AFAE005F61FB /* ShareSDKCoreService.framework */; };
		4290FADB1952AFAF005F61FB /* GoogleOpenSource.framework in Frameworks */ = {isa = PBXBuildFile; fileRef = 4290FA8E1952AFAE005F61FB /* GoogleOpenSource.framework */; };
		4290FADC1952AFAF005F61FB /* GooglePlus.bundle in Resources */ = {isa = PBXBuildFile; fileRef = 4290FA8F1952AFAE005F61FB /* GooglePlus.bundle */; };
		4290FADD1952AFAF005F61FB /* GooglePlus.framework in Frameworks */ = {isa = PBXBuildFile; fileRef = 4290FA901952AFAE005F61FB /* GooglePlus.framework */; };
		4290FADE1952AFAF005F61FB /* Pinterest.framework in Frameworks */ = {isa = PBXBuildFile; fileRef = 4290FA921952AFAE005F61FB /* Pinterest.framework */; };
		4290FADF1952AFAF005F61FB /* PinterestSDKResources.bundle in Resources */ = {isa = PBXBuildFile; fileRef = 4290FA941952AFAE005F61FB /* PinterestSDKResources.bundle */; };
		4290FAE01952AFAF005F61FB /* TencentOpenAPI.framework in Frameworks */ = {isa = PBXBuildFile; fileRef = 4290FA961952AFAE005F61FB /* TencentOpenAPI.framework */; };
		4290FAE11952AFB0005F61FB /* TencentOpenApi_IOS_Bundle.bundle in Resources */ = {isa = PBXBuildFile; fileRef = 4290FA971952AFAE005F61FB /* TencentOpenApi_IOS_Bundle.bundle */; };
		4290FAE21952AFB0005F61FB /* RennSDK.bundle in Resources */ = {isa = PBXBuildFile; fileRef = 4290FA991952AFAE005F61FB /* RennSDK.bundle */; };
		4290FAE31952AFB0005F61FB /* RennSDK.framework in Frameworks */ = {isa = PBXBuildFile; fileRef = 4290FA9A1952AFAE005F61FB /* RennSDK.framework */; };
		4290FAE41952AFB0005F61FB /* libSinaWeiboSDK.a in Frameworks */ = {isa = PBXBuildFile; fileRef = 4290FA9C1952AFAE005F61FB /* libSinaWeiboSDK.a */; };
		4290FAE51952AFB0005F61FB /* WeiboSDK.bundle in Resources */ = {isa = PBXBuildFile; fileRef = 4290FA9D1952AFAE005F61FB /* WeiboSDK.bundle */; };
		4290FAE61952AFB0005F61FB /* libTCWeiboSDK.a in Frameworks */ = {isa = PBXBuildFile; fileRef = 4290FAA01952AFAE005F61FB /* libTCWeiboSDK.a */; };
		4290FAE71952AFB0005F61FB /* libWeChatSDK.a in Frameworks */ = {isa = PBXBuildFile; fileRef = 4290FAA31952AFAE005F61FB /* libWeChatSDK.a */; };
		4290FAE81952AFB0005F61FB /* libYixinSDK.a in Frameworks */ = {isa = PBXBuildFile; fileRef = 4290FAA71952AFAE005F61FB /* libYixinSDK.a */; };
		4290FAE91952AFB0005F61FB /* ShareSDK.framework in Frameworks */ = {isa = PBXBuildFile; fileRef = 4290FAAA1952AFAE005F61FB /* ShareSDK.framework */; };
		4290FAEA1952AFB0005F61FB /* ShareSDKFlatShareViewUI.bundle in Resources */ = {isa = PBXBuildFile; fileRef = 4290FAAC1952AFAE005F61FB /* ShareSDKFlatShareViewUI.bundle */; };
		4290FAEB1952AFB0005F61FB /* ShareSDKFlatShareViewUI.framework in Frameworks */ = {isa = PBXBuildFile; fileRef = 4290FAAD1952AFAE005F61FB /* ShareSDKFlatShareViewUI.framework */; };
		4290FAEC1952AFB1005F61FB /* ShareSDKiPadDefaultShareViewUI.bundle in Resources */ = {isa = PBXBuildFile; fileRef = 4290FAAE1952AFAE005F61FB /* ShareSDKiPadDefaultShareViewUI.bundle */; };
		4290FAED1952AFB1005F61FB /* ShareSDKiPadDefaultShareViewUI.framework in Frameworks */ = {isa = PBXBuildFile; fileRef = 4290FAAF1952AFAE005F61FB /* ShareSDKiPadDefaultShareViewUI.framework */; };
		4290FAEE1952AFB1005F61FB /* ShareSDKiPadSimpleShareViewUI.bundle in Resources */ = {isa = PBXBuildFile; fileRef = 4290FAB01952AFAE005F61FB /* ShareSDKiPadSimpleShareViewUI.bundle */; };
		4290FAEF1952AFB1005F61FB /* ShareSDKiPadSimpleShareViewUI.framework in Frameworks */ = {isa = PBXBuildFile; fileRef = 4290FAB11952AFAE005F61FB /* ShareSDKiPadSimpleShareViewUI.framework */; };
		4290FAF01952AFB1005F61FB /* ShareSDKiPhoneAppRecommendShareViewUI.framework in Frameworks */ = {isa = PBXBuildFile; fileRef = 4290FAB21952AFAE005F61FB /* ShareSDKiPhoneAppRecommendShareViewUI.framework */; };
		4290FAF11952AFB1005F61FB /* ShareSDKiPhoneDefaultShareViewUI.bundle in Resources */ = {isa = PBXBuildFile; fileRef = 4290FAB31952AFAE005F61FB /* ShareSDKiPhoneDefaultShareViewUI.bundle */; };
		4290FAF21952AFB1005F61FB /* ShareSDKiPhoneDefaultShareViewUI.framework in Frameworks */ = {isa = PBXBuildFile; fileRef = 4290FAB41952AFAE005F61FB /* ShareSDKiPhoneDefaultShareViewUI.framework */; };
		4290FAF31952AFB1005F61FB /* ShareSDKiPhoneSimpleShareViewUI.bundle in Resources */ = {isa = PBXBuildFile; fileRef = 4290FAB51952AFAE005F61FB /* ShareSDKiPhoneSimpleShareViewUI.bundle */; };
		4290FAF41952AFB1005F61FB /* ShareSDKiPhoneSimpleShareViewUI.framework in Frameworks */ = {isa = PBXBuildFile; fileRef = 4290FAB61952AFAE005F61FB /* ShareSDKiPhoneSimpleShareViewUI.framework */; };
		4290FAF51952AFB1005F61FB /* ShareSDKShareActionSheet.framework in Frameworks */ = {isa = PBXBuildFile; fileRef = 4290FAB71952AFAE005F61FB /* ShareSDKShareActionSheet.framework */; };
		A86E447517C0EDB800AFCA04 /* UIKit.framework in Frameworks */ = {isa = PBXBuildFile; fileRef = A86E447417C0EDB800AFCA04 /* UIKit.framework */; };
		A86E447717C0EDB800AFCA04 /* Foundation.framework in Frameworks */ = {isa = PBXBuildFile; fileRef = A86E447617C0EDB800AFCA04 /* Foundation.framework */; };
		A86E447917C0EDB800AFCA04 /* CoreGraphics.framework in Frameworks */ = {isa = PBXBuildFile; fileRef = A86E447817C0EDB800AFCA04 /* CoreGraphics.framework */; };
		A86E447F17C0EDB800AFCA04 /* InfoPlist.strings in Resources */ = {isa = PBXBuildFile; fileRef = A86E447D17C0EDB800AFCA04 /* InfoPlist.strings */; };
		A86E448117C0EDB800AFCA04 /* main.m in Sources */ = {isa = PBXBuildFile; fileRef = A86E448017C0EDB800AFCA04 /* main.m */; };
		A86E448517C0EDB800AFCA04 /* AppDelegate.m in Sources */ = {isa = PBXBuildFile; fileRef = A86E448417C0EDB800AFCA04 /* AppDelegate.m */; };
		A86E448717C0EDB800AFCA04 /* Default.png in Resources */ = {isa = PBXBuildFile; fileRef = A86E448617C0EDB800AFCA04 /* Default.png */; };
		A86E448917C0EDB800AFCA04 /* Default@2x.png in Resources */ = {isa = PBXBuildFile; fileRef = A86E448817C0EDB800AFCA04 /* Default@2x.png */; };
		A86E448B17C0EDB800AFCA04 /* Default-568h@2x.png in Resources */ = {isa = PBXBuildFile; fileRef = A86E448A17C0EDB800AFCA04 /* Default-568h@2x.png */; };
		A86E448E17C0EDB800AFCA04 /* ViewController.m in Sources */ = {isa = PBXBuildFile; fileRef = A86E448D17C0EDB800AFCA04 /* ViewController.m */; };
		A86E449117C0EDB800AFCA04 /* ViewController_iPhone.xib in Resources */ = {isa = PBXBuildFile; fileRef = A86E448F17C0EDB800AFCA04 /* ViewController_iPhone.xib */; };
		A86E449417C0EDB800AFCA04 /* ViewController_iPad.xib in Resources */ = {isa = PBXBuildFile; fileRef = A86E449217C0EDB800AFCA04 /* ViewController_iPad.xib */; };
		A86E44F917C0EEB800AFCA04 /* SystemConfiguration.framework in Frameworks */ = {isa = PBXBuildFile; fileRef = A86E44F817C0EEB800AFCA04 /* SystemConfiguration.framework */; };
		A86E44FB17C0EEC000AFCA04 /* CoreTelephony.framework in Frameworks */ = {isa = PBXBuildFile; fileRef = A86E44FA17C0EEC000AFCA04 /* CoreTelephony.framework */; };
		A86E44FD17C0EEC700AFCA04 /* QuartzCore.framework in Frameworks */ = {isa = PBXBuildFile; fileRef = A86E44FC17C0EEC700AFCA04 /* QuartzCore.framework */; };
		A86E44FF17C0EECE00AFCA04 /* libicucore.dylib in Frameworks */ = {isa = PBXBuildFile; fileRef = A86E44FE17C0EECE00AFCA04 /* libicucore.dylib */; };
		A86E450117C0EED500AFCA04 /* libz.1.2.5.dylib in Frameworks */ = {isa = PBXBuildFile; fileRef = A86E450017C0EED500AFCA04 /* libz.1.2.5.dylib */; };
		A86E450317C0EEDA00AFCA04 /* MessageUI.framework in Frameworks */ = {isa = PBXBuildFile; fileRef = A86E450217C0EEDA00AFCA04 /* MessageUI.framework */; };
		A86E450517C0EEE300AFCA04 /* libsqlite3.dylib in Frameworks */ = {isa = PBXBuildFile; fileRef = A86E450417C0EEE300AFCA04 /* libsqlite3.dylib */; };
		A86E450917C0F23400AFCA04 /* AudioToolbox.framework in Frameworks */ = {isa = PBXBuildFile; fileRef = A86E450817C0F23400AFCA04 /* AudioToolbox.framework */; };
		A86E450B17C0F23E00AFCA04 /* CFNetwork.framework in Frameworks */ = {isa = PBXBuildFile; fileRef = A86E450A17C0F23E00AFCA04 /* CFNetwork.framework */; };
		A86E450D17C0F25400AFCA04 /* CoreLocation.framework in Frameworks */ = {isa = PBXBuildFile; fileRef = A86E450C17C0F25400AFCA04 /* CoreLocation.framework */; };
		A86E450F17C0F25F00AFCA04 /* MobileCoreServices.framework in Frameworks */ = {isa = PBXBuildFile; fileRef = A86E450E17C0F25F00AFCA04 /* MobileCoreServices.framework */; };
		A86E451117C0F26A00AFCA04 /* Security.framework in Frameworks */ = {isa = PBXBuildFile; fileRef = A86E451017C0F26A00AFCA04 /* Security.framework */; };
		A86E451317C0F27000AFCA04 /* StoreKit.framework in Frameworks */ = {isa = PBXBuildFile; fileRef = A86E451217C0F27000AFCA04 /* StoreKit.framework */; };
		A86E451617C0F96500AFCA04 /* backgroundLogin.png in Resources */ = {isa = PBXBuildFile; fileRef = A86E451417C0F96500AFCA04 /* backgroundLogin.png */; };
		A86E451717C0F96500AFCA04 /* LoginButton.png in Resources */ = {isa = PBXBuildFile; fileRef = A86E451517C0F96500AFCA04 /* LoginButton.png */; };
		A86E451A17C1015A00AFCA04 /* MainViewController.m in Sources */ = {isa = PBXBuildFile; fileRef = A86E451917C1015A00AFCA04 /* MainViewController.m */; };
/* End PBXBuildFile section */

/* Begin PBXFileReference section */
		4185AB9318063EB9000D8FFE /* Parse.framework */ = {isa = PBXFileReference; lastKnownFileType = wrapper.framework; path = Parse.framework; sourceTree = "<group>"; };
		4290FA661952AFAD005F61FB /* CopyConnection.framework */ = {isa = PBXFileReference; lastKnownFileType = wrapper.framework; path = CopyConnection.framework; sourceTree = "<group>"; };
		4290FA671952AFAD005F61FB /* DouBanConnection.framework */ = {isa = PBXFileReference; lastKnownFileType = wrapper.framework; path = DouBanConnection.framework; sourceTree = "<group>"; };
		4290FA681952AFAD005F61FB /* DropboxConnection.framework */ = {isa = PBXFileReference; lastKnownFileType = wrapper.framework; path = DropboxConnection.framework; sourceTree = "<group>"; };
		4290FA691952AFAD005F61FB /* EverNoteConnection.framework */ = {isa = PBXFileReference; lastKnownFileType = wrapper.framework; path = EverNoteConnection.framework; sourceTree = "<group>"; };
		4290FA6A1952AFAD005F61FB /* FacebookConnection.framework */ = {isa = PBXFileReference; lastKnownFileType = wrapper.framework; path = FacebookConnection.framework; sourceTree = "<group>"; };
		4290FA6B1952AFAD005F61FB /* FlickrConnection.framework */ = {isa = PBXFileReference; lastKnownFileType = wrapper.framework; path = FlickrConnection.framework; sourceTree = "<group>"; };
		4290FA6C1952AFAD005F61FB /* GooglePlusConnection.framework */ = {isa = PBXFileReference; lastKnownFileType = wrapper.framework; path = GooglePlusConnection.framework; sourceTree = "<group>"; };
		4290FA6D1952AFAD005F61FB /* InstagramConnection.framework */ = {isa = PBXFileReference; lastKnownFileType = wrapper.framework; path = InstagramConnection.framework; sourceTree = "<group>"; };
		4290FA6E1952AFAD005F61FB /* InstapaperConnection.framework */ = {isa = PBXFileReference; lastKnownFileType = wrapper.framework; path = InstapaperConnection.framework; sourceTree = "<group>"; };
		4290FA6F1952AFAD005F61FB /* InstapaperResource.bundle */ = {isa = PBXFileReference; lastKnownFileType = "wrapper.plug-in"; path = InstapaperResource.bundle; sourceTree = "<group>"; };
		4290FA701952AFAD005F61FB /* KaiXinConnection.framework */ = {isa = PBXFileReference; lastKnownFileType = wrapper.framework; path = KaiXinConnection.framework; sourceTree = "<group>"; };
		4290FA711952AFAD005F61FB /* LinkedInConnection.framework */ = {isa = PBXFileReference; lastKnownFileType = wrapper.framework; path = LinkedInConnection.framework; sourceTree = "<group>"; };
		4290FA721952AFAE005F61FB /* MailConnection.framework */ = {isa = PBXFileReference; lastKnownFileType = wrapper.framework; path = MailConnection.framework; sourceTree = "<group>"; };
		4290FA731952AFAE005F61FB /* PinterestConnection.framework */ = {isa = PBXFileReference; lastKnownFileType = wrapper.framework; path = PinterestConnection.framework; sourceTree = "<group>"; };
		4290FA741952AFAE005F61FB /* PocketConnection.framework */ = {isa = PBXFileReference; lastKnownFileType = wrapper.framework; path = PocketConnection.framework; sourceTree = "<group>"; };
		4290FA751952AFAE005F61FB /* PrintConnection.framework */ = {isa = PBXFileReference; lastKnownFileType = wrapper.framework; path = PrintConnection.framework; sourceTree = "<group>"; };
		4290FA761952AFAE005F61FB /* QQConnection.framework */ = {isa = PBXFileReference; lastKnownFileType = wrapper.framework; path = QQConnection.framework; sourceTree = "<group>"; };
		4290FA771952AFAE005F61FB /* QZoneConnection.framework */ = {isa = PBXFileReference; lastKnownFileType = wrapper.framework; path = QZoneConnection.framework; sourceTree = "<group>"; };
		4290FA781952AFAE005F61FB /* RenRenConnection.framework */ = {isa = PBXFileReference; lastKnownFileType = wrapper.framework; path = RenRenConnection.framework; sourceTree = "<group>"; };
		4290FA791952AFAE005F61FB /* SinaWeiboConnection.framework */ = {isa = PBXFileReference; lastKnownFileType = wrapper.framework; path = SinaWeiboConnection.framework; sourceTree = "<group>"; };
		4290FA7A1952AFAE005F61FB /* SMSConnection.framework */ = {isa = PBXFileReference; lastKnownFileType = wrapper.framework; path = SMSConnection.framework; sourceTree = "<group>"; };
		4290FA7B1952AFAE005F61FB /* SohuConnection.framework */ = {isa = PBXFileReference; lastKnownFileType = wrapper.framework; path = SohuConnection.framework; sourceTree = "<group>"; };
		4290FA7C1952AFAE005F61FB /* SohuWeiboConnection.framework */ = {isa = PBXFileReference; lastKnownFileType = wrapper.framework; path = SohuWeiboConnection.framework; sourceTree = "<group>"; };
		4290FA7D1952AFAE005F61FB /* T163WeiboConnection.framework */ = {isa = PBXFileReference; lastKnownFileType = wrapper.framework; path = T163WeiboConnection.framework; sourceTree = "<group>"; };
		4290FA7E1952AFAE005F61FB /* TencentWeiboConnection.framework */ = {isa = PBXFileReference; lastKnownFileType = wrapper.framework; path = TencentWeiboConnection.framework; sourceTree = "<group>"; };
		4290FA7F1952AFAE005F61FB /* TumblrConnection.framework */ = {isa = PBXFileReference; lastKnownFileType = wrapper.framework; path = TumblrConnection.framework; sourceTree = "<group>"; };
		4290FA801952AFAE005F61FB /* TwitterConnection.framework */ = {isa = PBXFileReference; lastKnownFileType = wrapper.framework; path = TwitterConnection.framework; sourceTree = "<group>"; };
		4290FA811952AFAE005F61FB /* VKontakteConnection.framework */ = {isa = PBXFileReference; lastKnownFileType = wrapper.framework; path = VKontakteConnection.framework; sourceTree = "<group>"; };
		4290FA821952AFAE005F61FB /* WeChatConnection.framework */ = {isa = PBXFileReference; lastKnownFileType = wrapper.framework; path = WeChatConnection.framework; sourceTree = "<group>"; };
		4290FA831952AFAE005F61FB /* YiXinConnection.framework */ = {isa = PBXFileReference; lastKnownFileType = wrapper.framework; path = YiXinConnection.framework; sourceTree = "<group>"; };
		4290FA841952AFAE005F61FB /* YouDaoNoteConnection.framework */ = {isa = PBXFileReference; lastKnownFileType = wrapper.framework; path = YouDaoNoteConnection.framework; sourceTree = "<group>"; };
		4290FA861952AFAE005F61FB /* AGCommon.framework */ = {isa = PBXFileReference; lastKnownFileType = wrapper.framework; path = AGCommon.framework; sourceTree = "<group>"; };
		4290FA881952AFAE005F61FB /* en */ = {isa = PBXFileReference; lastKnownFileType = text.plist.strings; name = en; path = en.lproj/ShareSDKLocalizable.strings; sourceTree = "<group>"; };
		4290FA891952AFAE005F61FB /* Resource.bundle */ = {isa = PBXFileReference; lastKnownFileType = "wrapper.plug-in"; path = Resource.bundle; sourceTree = "<group>"; };
		4290FA8A1952AFAE005F61FB /* ShareSDKCoreService.framework */ = {isa = PBXFileReference; lastKnownFileType = wrapper.framework; path = ShareSDKCoreService.framework; sourceTree = "<group>"; };
		4290FA8B1952AFAE005F61FB /* zh-Hans */ = {isa = PBXFileReference; lastKnownFileType = text.plist.strings; name = "zh-Hans"; path = "zh-Hans.lproj/ShareSDKLocalizable.strings"; sourceTree = "<group>"; };
		4290FA8E1952AFAE005F61FB /* GoogleOpenSource.framework */ = {isa = PBXFileReference; lastKnownFileType = wrapper.framework; path = GoogleOpenSource.framework; sourceTree = "<group>"; };
		4290FA8F1952AFAE005F61FB /* GooglePlus.bundle */ = {isa = PBXFileReference; lastKnownFileType = "wrapper.plug-in"; path = GooglePlus.bundle; sourceTree = "<group>"; };
		4290FA901952AFAE005F61FB /* GooglePlus.framework */ = {isa = PBXFileReference; lastKnownFileType = wrapper.framework; path = GooglePlus.framework; sourceTree = "<group>"; };
		4290FA921952AFAE005F61FB /* Pinterest.framework */ = {isa = PBXFileReference; lastKnownFileType = wrapper.framework; path = Pinterest.framework; sourceTree = "<group>"; };
		4290FA941952AFAE005F61FB /* PinterestSDKResources.bundle */ = {isa = PBXFileReference; lastKnownFileType = "wrapper.plug-in"; path = PinterestSDKResources.bundle; sourceTree = "<group>"; };
		4290FA961952AFAE005F61FB /* TencentOpenAPI.framework */ = {isa = PBXFileReference; lastKnownFileType = wrapper.framework; path = TencentOpenAPI.framework; sourceTree = "<group>"; };
		4290FA971952AFAE005F61FB /* TencentOpenApi_IOS_Bundle.bundle */ = {isa = PBXFileReference; lastKnownFileType = "wrapper.plug-in"; path = TencentOpenApi_IOS_Bundle.bundle; sourceTree = "<group>"; };
		4290FA991952AFAE005F61FB /* RennSDK.bundle */ = {isa = PBXFileReference; lastKnownFileType = "wrapper.plug-in"; path = RennSDK.bundle; sourceTree = "<group>"; };
		4290FA9A1952AFAE005F61FB /* RennSDK.framework */ = {isa = PBXFileReference; lastKnownFileType = wrapper.framework; path = RennSDK.framework; sourceTree = "<group>"; };
		4290FA9C1952AFAE005F61FB /* libSinaWeiboSDK.a */ = {isa = PBXFileReference; lastKnownFileType = archive.ar; path = libSinaWeiboSDK.a; sourceTree = "<group>"; };
		4290FA9D1952AFAE005F61FB /* WeiboSDK.bundle */ = {isa = PBXFileReference; lastKnownFileType = "wrapper.plug-in"; path = WeiboSDK.bundle; sourceTree = "<group>"; };
		4290FA9E1952AFAE005F61FB /* WeiboSDK.h */ = {isa = PBXFileReference; fileEncoding = 4; lastKnownFileType = sourcecode.c.h; path = WeiboSDK.h; sourceTree = "<group>"; };
		4290FAA01952AFAE005F61FB /* libTCWeiboSDK.a */ = {isa = PBXFileReference; lastKnownFileType = archive.ar; path = libTCWeiboSDK.a; sourceTree = "<group>"; };
		4290FAA11952AFAE005F61FB /* WeiboApi.h */ = {isa = PBXFileReference; fileEncoding = 4; lastKnownFileType = sourcecode.c.h; path = WeiboApi.h; sourceTree = "<group>"; };
		4290FAA31952AFAE005F61FB /* libWeChatSDK.a */ = {isa = PBXFileReference; lastKnownFileType = archive.ar; path = libWeChatSDK.a; sourceTree = "<group>"; };
		4290FAA41952AFAE005F61FB /* WXApi.h */ = {isa = PBXFileReference; fileEncoding = 4; lastKnownFileType = sourcecode.c.h; path = WXApi.h; sourceTree = "<group>"; };
		4290FAA51952AFAE005F61FB /* WXApiObject.h */ = {isa = PBXFileReference; fileEncoding = 4; lastKnownFileType = sourcecode.c.h; path = WXApiObject.h; sourceTree = "<group>"; };
		4290FAA71952AFAE005F61FB /* libYixinSDK.a */ = {isa = PBXFileReference; lastKnownFileType = archive.ar; path = libYixinSDK.a; sourceTree = "<group>"; };
		4290FAA81952AFAE005F61FB /* YXApi.h */ = {isa = PBXFileReference; fileEncoding = 4; lastKnownFileType = sourcecode.c.h; path = YXApi.h; sourceTree = "<group>"; };
		4290FAA91952AFAE005F61FB /* YXApiObject.h */ = {isa = PBXFileReference; fileEncoding = 4; lastKnownFileType = sourcecode.c.h; path = YXApiObject.h; sourceTree = "<group>"; };
		4290FAAA1952AFAE005F61FB /* ShareSDK.framework */ = {isa = PBXFileReference; lastKnownFileType = wrapper.framework; path = ShareSDK.framework; sourceTree = "<group>"; };
		4290FAAC1952AFAE005F61FB /* ShareSDKFlatShareViewUI.bundle */ = {isa = PBXFileReference; lastKnownFileType = "wrapper.plug-in"; path = ShareSDKFlatShareViewUI.bundle; sourceTree = "<group>"; };
		4290FAAD1952AFAE005F61FB /* ShareSDKFlatShareViewUI.framework */ = {isa = PBXFileReference; lastKnownFileType = wrapper.framework; path = ShareSDKFlatShareViewUI.framework; sourceTree = "<group>"; };
		4290FAAE1952AFAE005F61FB /* ShareSDKiPadDefaultShareViewUI.bundle */ = {isa = PBXFileReference; lastKnownFileType = "wrapper.plug-in"; path = ShareSDKiPadDefaultShareViewUI.bundle; sourceTree = "<group>"; };
		4290FAAF1952AFAE005F61FB /* ShareSDKiPadDefaultShareViewUI.framework */ = {isa = PBXFileReference; lastKnownFileType = wrapper.framework; path = ShareSDKiPadDefaultShareViewUI.framework; sourceTree = "<group>"; };
		4290FAB01952AFAE005F61FB /* ShareSDKiPadSimpleShareViewUI.bundle */ = {isa = PBXFileReference; lastKnownFileType = "wrapper.plug-in"; path = ShareSDKiPadSimpleShareViewUI.bundle; sourceTree = "<group>"; };
		4290FAB11952AFAE005F61FB /* ShareSDKiPadSimpleShareViewUI.framework */ = {isa = PBXFileReference; lastKnownFileType = wrapper.framework; path = ShareSDKiPadSimpleShareViewUI.framework; sourceTree = "<group>"; };
		4290FAB21952AFAE005F61FB /* ShareSDKiPhoneAppRecommendShareViewUI.framework */ = {isa = PBXFileReference; lastKnownFileType = wrapper.framework; path = ShareSDKiPhoneAppRecommendShareViewUI.framework; sourceTree = "<group>"; };
		4290FAB31952AFAE005F61FB /* ShareSDKiPhoneDefaultShareViewUI.bundle */ = {isa = PBXFileReference; lastKnownFileType = "wrapper.plug-in"; path = ShareSDKiPhoneDefaultShareViewUI.bundle; sourceTree = "<group>"; };
		4290FAB41952AFAE005F61FB /* ShareSDKiPhoneDefaultShareViewUI.framework */ = {isa = PBXFileReference; lastKnownFileType = wrapper.framework; path = ShareSDKiPhoneDefaultShareViewUI.framework; sourceTree = "<group>"; };
		4290FAB51952AFAE005F61FB /* ShareSDKiPhoneSimpleShareViewUI.bundle */ = {isa = PBXFileReference; lastKnownFileType = "wrapper.plug-in"; path = ShareSDKiPhoneSimpleShareViewUI.bundle; sourceTree = "<group>"; };
		4290FAB61952AFAE005F61FB /* ShareSDKiPhoneSimpleShareViewUI.framework */ = {isa = PBXFileReference; lastKnownFileType = wrapper.framework; path = ShareSDKiPhoneSimpleShareViewUI.framework; sourceTree = "<group>"; };
		4290FAB71952AFAE005F61FB /* ShareSDKShareActionSheet.framework */ = {isa = PBXFileReference; lastKnownFileType = wrapper.framework; path = ShareSDKShareActionSheet.framework; sourceTree = "<group>"; };
		A86E447117C0EDB800AFCA04 /* SinaLoginDemo.app */ = {isa = PBXFileReference; explicitFileType = wrapper.application; includeInIndex = 0; path = SinaLoginDemo.app; sourceTree = BUILT_PRODUCTS_DIR; };
		A86E447417C0EDB800AFCA04 /* UIKit.framework */ = {isa = PBXFileReference; lastKnownFileType = wrapper.framework; name = UIKit.framework; path = System/Library/Frameworks/UIKit.framework; sourceTree = SDKROOT; };
		A86E447617C0EDB800AFCA04 /* Foundation.framework */ = {isa = PBXFileReference; lastKnownFileType = wrapper.framework; name = Foundation.framework; path = System/Library/Frameworks/Foundation.framework; sourceTree = SDKROOT; };
		A86E447817C0EDB800AFCA04 /* CoreGraphics.framework */ = {isa = PBXFileReference; lastKnownFileType = wrapper.framework; name = CoreGraphics.framework; path = System/Library/Frameworks/CoreGraphics.framework; sourceTree = SDKROOT; };
		A86E447C17C0EDB800AFCA04 /* SinaLoginDemo-Info.plist */ = {isa = PBXFileReference; lastKnownFileType = text.plist.xml; path = "SinaLoginDemo-Info.plist"; sourceTree = "<group>"; };
		A86E447E17C0EDB800AFCA04 /* en */ = {isa = PBXFileReference; lastKnownFileType = text.plist.strings; name = en; path = en.lproj/InfoPlist.strings; sourceTree = "<group>"; };
		A86E448017C0EDB800AFCA04 /* main.m */ = {isa = PBXFileReference; lastKnownFileType = sourcecode.c.objc; path = main.m; sourceTree = "<group>"; };
		A86E448217C0EDB800AFCA04 /* SinaLoginDemo-Prefix.pch */ = {isa = PBXFileReference; lastKnownFileType = sourcecode.c.h; path = "SinaLoginDemo-Prefix.pch"; sourceTree = "<group>"; };
		A86E448317C0EDB800AFCA04 /* AppDelegate.h */ = {isa = PBXFileReference; lastKnownFileType = sourcecode.c.h; path = AppDelegate.h; sourceTree = "<group>"; };
		A86E448417C0EDB800AFCA04 /* AppDelegate.m */ = {isa = PBXFileReference; lastKnownFileType = sourcecode.c.objc; path = AppDelegate.m; sourceTree = "<group>"; };
		A86E448617C0EDB800AFCA04 /* Default.png */ = {isa = PBXFileReference; lastKnownFileType = image.png; path = Default.png; sourceTree = "<group>"; };
		A86E448817C0EDB800AFCA04 /* Default@2x.png */ = {isa = PBXFileReference; lastKnownFileType = image.png; path = "Default@2x.png"; sourceTree = "<group>"; };
		A86E448A17C0EDB800AFCA04 /* Default-568h@2x.png */ = {isa = PBXFileReference; lastKnownFileType = image.png; path = "Default-568h@2x.png"; sourceTree = "<group>"; };
		A86E448C17C0EDB800AFCA04 /* ViewController.h */ = {isa = PBXFileReference; lastKnownFileType = sourcecode.c.h; path = ViewController.h; sourceTree = "<group>"; };
		A86E448D17C0EDB800AFCA04 /* ViewController.m */ = {isa = PBXFileReference; lastKnownFileType = sourcecode.c.objc; path = ViewController.m; sourceTree = "<group>"; };
		A86E449017C0EDB800AFCA04 /* en */ = {isa = PBXFileReference; lastKnownFileType = file.xib; name = en; path = en.lproj/ViewController_iPhone.xib; sourceTree = "<group>"; };
		A86E449317C0EDB800AFCA04 /* en */ = {isa = PBXFileReference; lastKnownFileType = file.xib; name = en; path = en.lproj/ViewController_iPad.xib; sourceTree = "<group>"; };
		A86E44F817C0EEB800AFCA04 /* SystemConfiguration.framework */ = {isa = PBXFileReference; lastKnownFileType = wrapper.framework; name = SystemConfiguration.framework; path = System/Library/Frameworks/SystemConfiguration.framework; sourceTree = SDKROOT; };
		A86E44FA17C0EEC000AFCA04 /* CoreTelephony.framework */ = {isa = PBXFileReference; lastKnownFileType = wrapper.framework; name = CoreTelephony.framework; path = System/Library/Frameworks/CoreTelephony.framework; sourceTree = SDKROOT; };
		A86E44FC17C0EEC700AFCA04 /* QuartzCore.framework */ = {isa = PBXFileReference; lastKnownFileType = wrapper.framework; name = QuartzCore.framework; path = System/Library/Frameworks/QuartzCore.framework; sourceTree = SDKROOT; };
		A86E44FE17C0EECE00AFCA04 /* libicucore.dylib */ = {isa = PBXFileReference; lastKnownFileType = "compiled.mach-o.dylib"; name = libicucore.dylib; path = usr/lib/libicucore.dylib; sourceTree = SDKROOT; };
		A86E450017C0EED500AFCA04 /* libz.1.2.5.dylib */ = {isa = PBXFileReference; lastKnownFileType = "compiled.mach-o.dylib"; name = libz.1.2.5.dylib; path = usr/lib/libz.1.2.5.dylib; sourceTree = SDKROOT; };
		A86E450217C0EEDA00AFCA04 /* MessageUI.framework */ = {isa = PBXFileReference; lastKnownFileType = wrapper.framework; name = MessageUI.framework; path = System/Library/Frameworks/MessageUI.framework; sourceTree = SDKROOT; };
		A86E450417C0EEE300AFCA04 /* libsqlite3.dylib */ = {isa = PBXFileReference; lastKnownFileType = "compiled.mach-o.dylib"; name = libsqlite3.dylib; path = usr/lib/libsqlite3.dylib; sourceTree = SDKROOT; };
		A86E450817C0F23400AFCA04 /* AudioToolbox.framework */ = {isa = PBXFileReference; lastKnownFileType = wrapper.framework; name = AudioToolbox.framework; path = System/Library/Frameworks/AudioToolbox.framework; sourceTree = SDKROOT; };
		A86E450A17C0F23E00AFCA04 /* CFNetwork.framework */ = {isa = PBXFileReference; lastKnownFileType = wrapper.framework; name = CFNetwork.framework; path = System/Library/Frameworks/CFNetwork.framework; sourceTree = SDKROOT; };
		A86E450C17C0F25400AFCA04 /* CoreLocation.framework */ = {isa = PBXFileReference; lastKnownFileType = wrapper.framework; name = CoreLocation.framework; path = System/Library/Frameworks/CoreLocation.framework; sourceTree = SDKROOT; };
		A86E450E17C0F25F00AFCA04 /* MobileCoreServices.framework */ = {isa = PBXFileReference; lastKnownFileType = wrapper.framework; name = MobileCoreServices.framework; path = System/Library/Frameworks/MobileCoreServices.framework; sourceTree = SDKROOT; };
		A86E451017C0F26A00AFCA04 /* Security.framework */ = {isa = PBXFileReference; lastKnownFileType = wrapper.framework; name = Security.framework; path = System/Library/Frameworks/Security.framework; sourceTree = SDKROOT; };
		A86E451217C0F27000AFCA04 /* StoreKit.framework */ = {isa = PBXFileReference; lastKnownFileType = wrapper.framework; name = StoreKit.framework; path = System/Library/Frameworks/StoreKit.framework; sourceTree = SDKROOT; };
		A86E451417C0F96500AFCA04 /* backgroundLogin.png */ = {isa = PBXFileReference; lastKnownFileType = image.png; path = backgroundLogin.png; sourceTree = "<group>"; };
		A86E451517C0F96500AFCA04 /* LoginButton.png */ = {isa = PBXFileReference; lastKnownFileType = image.png; path = LoginButton.png; sourceTree = "<group>"; };
		A86E451817C1015A00AFCA04 /* MainViewController.h */ = {isa = PBXFileReference; fileEncoding = 4; lastKnownFileType = sourcecode.c.h; path = MainViewController.h; sourceTree = "<group>"; };
		A86E451917C1015A00AFCA04 /* MainViewController.m */ = {isa = PBXFileReference; fileEncoding = 4; lastKnownFileType = sourcecode.c.objc; path = MainViewController.m; sourceTree = "<group>"; };
/* End PBXFileReference section */

/* Begin PBXFrameworksBuildPhase section */
		A86E446E17C0EDB800AFCA04 /* Frameworks */ = {
			isa = PBXFrameworksBuildPhase;
			buildActionMask = 2147483647;
			files = (
				A86E451317C0F27000AFCA04 /* StoreKit.framework in Frameworks */,
				4290FADE1952AFAF005F61FB /* Pinterest.framework in Frameworks */,
				4290FAC51952AFAF005F61FB /* PinterestConnection.framework in Frameworks */,
				4290FABF1952AFAF005F61FB /* InstagramConnection.framework in Frameworks */,
				4290FAE81952AFB0005F61FB /* libYixinSDK.a in Frameworks */,
				4290FAED1952AFB1005F61FB /* ShareSDKiPadDefaultShareViewUI.framework in Frameworks */,
				4290FABA1952AFAF005F61FB /* DropboxConnection.framework in Frameworks */,
				4290FACE1952AFAF005F61FB /* SohuWeiboConnection.framework in Frameworks */,
				4290FACF1952AFAF005F61FB /* T163WeiboConnection.framework in Frameworks */,
				4290FAC91952AFAF005F61FB /* QZoneConnection.framework in Frameworks */,
				A86E451117C0F26A00AFCA04 /* Security.framework in Frameworks */,
				4290FAE01952AFAF005F61FB /* TencentOpenAPI.framework in Frameworks */,
				4290FABE1952AFAF005F61FB /* GooglePlusConnection.framework in Frameworks */,
				A86E450F17C0F25F00AFCA04 /* MobileCoreServices.framework in Frameworks */,
				4290FADB1952AFAF005F61FB /* GoogleOpenSource.framework in Frameworks */,
				4290FAF21952AFB1005F61FB /* ShareSDKiPhoneDefaultShareViewUI.framework in Frameworks */,
				4290FAC81952AFAF005F61FB /* QQConnection.framework in Frameworks */,
				A86E450D17C0F25400AFCA04 /* CoreLocation.framework in Frameworks */,
				A86E447917C0EDB800AFCA04 /* CoreGraphics.framework in Frameworks */,
				4290FABD1952AFAF005F61FB /* FlickrConnection.framework in Frameworks */,
				A86E450B17C0F23E00AFCA04 /* CFNetwork.framework in Frameworks */,
				4290FAD71952AFAF005F61FB /* AGCommon.framework in Frameworks */,
				A86E450917C0F23400AFCA04 /* AudioToolbox.framework in Frameworks */,
				4290FAB91952AFAF005F61FB /* DouBanConnection.framework in Frameworks */,
				A86E450517C0EEE300AFCA04 /* libsqlite3.dylib in Frameworks */,
				4290FAEF1952AFB1005F61FB /* ShareSDKiPadSimpleShareViewUI.framework in Frameworks */,
				4290FAD21952AFAF005F61FB /* TwitterConnection.framework in Frameworks */,
				4290FAF41952AFB1005F61FB /* ShareSDKiPhoneSimpleShareViewUI.framework in Frameworks */,
				4290FACA1952AFAF005F61FB /* RenRenConnection.framework in Frameworks */,
				A86E450317C0EEDA00AFCA04 /* MessageUI.framework in Frameworks */,
				A86E450117C0EED500AFCA04 /* libz.1.2.5.dylib in Frameworks */,
				4290FAD51952AFAF005F61FB /* YiXinConnection.framework in Frameworks */,
				4185AB9418063EB9000D8FFE /* Parse.framework in Frameworks */,
				4290FAE61952AFB0005F61FB /* libTCWeiboSDK.a in Frameworks */,
				4290FAE91952AFB0005F61FB /* ShareSDK.framework in Frameworks */,
				4290FAC21952AFAF005F61FB /* KaiXinConnection.framework in Frameworks */,
				4290FAC71952AFAF005F61FB /* PrintConnection.framework in Frameworks */,
				4290FAE31952AFB0005F61FB /* RennSDK.framework in Frameworks */,
				4290FACB1952AFAF005F61FB /* SinaWeiboConnection.framework in Frameworks */,
				4290FAD01952AFAF005F61FB /* TencentWeiboConnection.framework in Frameworks */,
				4290FADA1952AFAF005F61FB /* ShareSDKCoreService.framework in Frameworks */,
				4290FAC41952AFAF005F61FB /* MailConnection.framework in Frameworks */,
				A86E44FF17C0EECE00AFCA04 /* libicucore.dylib in Frameworks */,
				4290FAC61952AFAF005F61FB /* PocketConnection.framework in Frameworks */,
				4290FAE41952AFB0005F61FB /* libSinaWeiboSDK.a in Frameworks */,
				4290FAF51952AFB1005F61FB /* ShareSDKShareActionSheet.framework in Frameworks */,
				4290FADD1952AFAF005F61FB /* GooglePlus.framework in Frameworks */,
				4290FAD61952AFAF005F61FB /* YouDaoNoteConnection.framework in Frameworks */,
				4290FAC31952AFAF005F61FB /* LinkedInConnection.framework in Frameworks */,
				4290FABB1952AFAF005F61FB /* EverNoteConnection.framework in Frameworks */,
				A86E44FD17C0EEC700AFCA04 /* QuartzCore.framework in Frameworks */,
				A86E44FB17C0EEC000AFCA04 /* CoreTelephony.framework in Frameworks */,
				A86E44F917C0EEB800AFCA04 /* SystemConfiguration.framework in Frameworks */,
				4290FAD41952AFAF005F61FB /* WeChatConnection.framework in Frameworks */,
				4290FABC1952AFAF005F61FB /* FacebookConnection.framework in Frameworks */,
				A86E447517C0EDB800AFCA04 /* UIKit.framework in Frameworks */,
				4290FAEB1952AFB0005F61FB /* ShareSDKFlatShareViewUI.framework in Frameworks */,
				4290FAF01952AFB1005F61FB /* ShareSDKiPhoneAppRecommendShareViewUI.framework in Frameworks */,
				4290FACD1952AFAF005F61FB /* SohuConnection.framework in Frameworks */,
				4290FAE71952AFB0005F61FB /* libWeChatSDK.a in Frameworks */,
				4290FAC01952AFAF005F61FB /* InstapaperConnection.framework in Frameworks */,
				A86E447717C0EDB800AFCA04 /* Foundation.framework in Frameworks */,
				4290FAD31952AFAF005F61FB /* VKontakteConnection.framework in Frameworks */,
				4290FACC1952AFAF005F61FB /* SMSConnection.framework in Frameworks */,
				4290FAD11952AFAF005F61FB /* TumblrConnection.framework in Frameworks */,
				4290FAB81952AFAE005F61FB /* CopyConnection.framework in Frameworks */,
			);
			runOnlyForDeploymentPostprocessing = 0;
		};
/* End PBXFrameworksBuildPhase section */

/* Begin PBXGroup section */
		4290FA641952AFAD005F61FB /* ShareSDK */ = {
			isa = PBXGroup;
			children = (
				4290FA651952AFAD005F61FB /* Connection */,
				4290FA851952AFAE005F61FB /* Core */,
				4290FA8C1952AFAE005F61FB /* Extend */,
				4290FAAA1952AFAE005F61FB /* ShareSDK.framework */,
				4290FAAB1952AFAE005F61FB /* UI */,
			);
			path = ShareSDK;
			sourceTree = "<group>";
		};
		4290FA651952AFAD005F61FB /* Connection */ = {
			isa = PBXGroup;
			children = (
				4290FA661952AFAD005F61FB /* CopyConnection.framework */,
				4290FA671952AFAD005F61FB /* DouBanConnection.framework */,
				4290FA681952AFAD005F61FB /* DropboxConnection.framework */,
				4290FA691952AFAD005F61FB /* EverNoteConnection.framework */,
				4290FA6A1952AFAD005F61FB /* FacebookConnection.framework */,
				4290FA6B1952AFAD005F61FB /* FlickrConnection.framework */,
				4290FA6C1952AFAD005F61FB /* GooglePlusConnection.framework */,
				4290FA6D1952AFAD005F61FB /* InstagramConnection.framework */,
				4290FA6E1952AFAD005F61FB /* InstapaperConnection.framework */,
				4290FA6F1952AFAD005F61FB /* InstapaperResource.bundle */,
				4290FA701952AFAD005F61FB /* KaiXinConnection.framework */,
				4290FA711952AFAD005F61FB /* LinkedInConnection.framework */,
				4290FA721952AFAE005F61FB /* MailConnection.framework */,
				4290FA731952AFAE005F61FB /* PinterestConnection.framework */,
				4290FA741952AFAE005F61FB /* PocketConnection.framework */,
				4290FA751952AFAE005F61FB /* PrintConnection.framework */,
				4290FA761952AFAE005F61FB /* QQConnection.framework */,
				4290FA771952AFAE005F61FB /* QZoneConnection.framework */,
				4290FA781952AFAE005F61FB /* RenRenConnection.framework */,
				4290FA791952AFAE005F61FB /* SinaWeiboConnection.framework */,
				4290FA7A1952AFAE005F61FB /* SMSConnection.framework */,
				4290FA7B1952AFAE005F61FB /* SohuConnection.framework */,
				4290FA7C1952AFAE005F61FB /* SohuWeiboConnection.framework */,
				4290FA7D1952AFAE005F61FB /* T163WeiboConnection.framework */,
				4290FA7E1952AFAE005F61FB /* TencentWeiboConnection.framework */,
				4290FA7F1952AFAE005F61FB /* TumblrConnection.framework */,
				4290FA801952AFAE005F61FB /* TwitterConnection.framework */,
				4290FA811952AFAE005F61FB /* VKontakteConnection.framework */,
				4290FA821952AFAE005F61FB /* WeChatConnection.framework */,
				4290FA831952AFAE005F61FB /* YiXinConnection.framework */,
				4290FA841952AFAE005F61FB /* YouDaoNoteConnection.framework */,
			);
			path = Connection;
			sourceTree = "<group>";
		};
		4290FA851952AFAE005F61FB /* Core */ = {
			isa = PBXGroup;
			children = (
				4290FA861952AFAE005F61FB /* AGCommon.framework */,
				4290FA871952AFAE005F61FB /* ShareSDKLocalizable.strings */,
				4290FA891952AFAE005F61FB /* Resource.bundle */,
				4290FA8A1952AFAE005F61FB /* ShareSDKCoreService.framework */,
			);
			path = Core;
			sourceTree = "<group>";
		};
		4290FA8C1952AFAE005F61FB /* Extend */ = {
			isa = PBXGroup;
			children = (
				4290FA8D1952AFAE005F61FB /* GooglePlusSDK */,
				4290FA911952AFAE005F61FB /* Pinterest.embeddedframework */,
				4290FA951952AFAE005F61FB /* QQConnectSDK */,
				4290FA981952AFAE005F61FB /* RenRenSDK */,
				4290FA9B1952AFAE005F61FB /* SinaWeiboSDK */,
				4290FA9F1952AFAE005F61FB /* TencentWeiboSDK */,
				4290FAA21952AFAE005F61FB /* WeChatSDK */,
				4290FAA61952AFAE005F61FB /* YiXinSDK */,
			);
			path = Extend;
			sourceTree = "<group>";
		};
		4290FA8D1952AFAE005F61FB /* GooglePlusSDK */ = {
			isa = PBXGroup;
			children = (
				4290FA8E1952AFAE005F61FB /* GoogleOpenSource.framework */,
				4290FA8F1952AFAE005F61FB /* GooglePlus.bundle */,
				4290FA901952AFAE005F61FB /* GooglePlus.framework */,
			);
			path = GooglePlusSDK;
			sourceTree = "<group>";
		};
		4290FA911952AFAE005F61FB /* Pinterest.embeddedframework */ = {
			isa = PBXGroup;
			children = (
				4290FA921952AFAE005F61FB /* Pinterest.framework */,
				4290FA931952AFAE005F61FB /* Resources */,
			);
			path = Pinterest.embeddedframework;
			sourceTree = "<group>";
		};
		4290FA931952AFAE005F61FB /* Resources */ = {
			isa = PBXGroup;
			children = (
				4290FA941952AFAE005F61FB /* PinterestSDKResources.bundle */,
			);
			path = Resources;
			sourceTree = "<group>";
		};
		4290FA951952AFAE005F61FB /* QQConnectSDK */ = {
			isa = PBXGroup;
			children = (
				4290FA961952AFAE005F61FB /* TencentOpenAPI.framework */,
				4290FA971952AFAE005F61FB /* TencentOpenApi_IOS_Bundle.bundle */,
			);
			path = QQConnectSDK;
			sourceTree = "<group>";
		};
		4290FA981952AFAE005F61FB /* RenRenSDK */ = {
			isa = PBXGroup;
			children = (
				4290FA991952AFAE005F61FB /* RennSDK.bundle */,
				4290FA9A1952AFAE005F61FB /* RennSDK.framework */,
			);
			path = RenRenSDK;
			sourceTree = "<group>";
		};
		4290FA9B1952AFAE005F61FB /* SinaWeiboSDK */ = {
			isa = PBXGroup;
			children = (
				4290FA9C1952AFAE005F61FB /* libSinaWeiboSDK.a */,
				4290FA9D1952AFAE005F61FB /* WeiboSDK.bundle */,
				4290FA9E1952AFAE005F61FB /* WeiboSDK.h */,
			);
			path = SinaWeiboSDK;
			sourceTree = "<group>";
		};
		4290FA9F1952AFAE005F61FB /* TencentWeiboSDK */ = {
			isa = PBXGroup;
			children = (
				4290FAA01952AFAE005F61FB /* libTCWeiboSDK.a */,
				4290FAA11952AFAE005F61FB /* WeiboApi.h */,
			);
			path = TencentWeiboSDK;
			sourceTree = "<group>";
		};
		4290FAA21952AFAE005F61FB /* WeChatSDK */ = {
			isa = PBXGroup;
			children = (
				4290FAA31952AFAE005F61FB /* libWeChatSDK.a */,
				4290FAA41952AFAE005F61FB /* WXApi.h */,
				4290FAA51952AFAE005F61FB /* WXApiObject.h */,
			);
			path = WeChatSDK;
			sourceTree = "<group>";
		};
		4290FAA61952AFAE005F61FB /* YiXinSDK */ = {
			isa = PBXGroup;
			children = (
				4290FAA71952AFAE005F61FB /* libYixinSDK.a */,
				4290FAA81952AFAE005F61FB /* YXApi.h */,
				4290FAA91952AFAE005F61FB /* YXApiObject.h */,
			);
			path = YiXinSDK;
			sourceTree = "<group>";
		};
		4290FAAB1952AFAE005F61FB /* UI */ = {
			isa = PBXGroup;
			children = (
				4290FAAC1952AFAE005F61FB /* ShareSDKFlatShareViewUI.bundle */,
				4290FAAD1952AFAE005F61FB /* ShareSDKFlatShareViewUI.framework */,
				4290FAAE1952AFAE005F61FB /* ShareSDKiPadDefaultShareViewUI.bundle */,
				4290FAAF1952AFAE005F61FB /* ShareSDKiPadDefaultShareViewUI.framework */,
				4290FAB01952AFAE005F61FB /* ShareSDKiPadSimpleShareViewUI.bundle */,
				4290FAB11952AFAE005F61FB /* ShareSDKiPadSimpleShareViewUI.framework */,
				4290FAB21952AFAE005F61FB /* ShareSDKiPhoneAppRecommendShareViewUI.framework */,
				4290FAB31952AFAE005F61FB /* ShareSDKiPhoneDefaultShareViewUI.bundle */,
				4290FAB41952AFAE005F61FB /* ShareSDKiPhoneDefaultShareViewUI.framework */,
				4290FAB51952AFAE005F61FB /* ShareSDKiPhoneSimpleShareViewUI.bundle */,
				4290FAB61952AFAE005F61FB /* ShareSDKiPhoneSimpleShareViewUI.framework */,
				4290FAB71952AFAE005F61FB /* ShareSDKShareActionSheet.framework */,
			);
			path = UI;
			sourceTree = "<group>";
		};
		A86E446817C0EDB700AFCA04 = {
			isa = PBXGroup;
			children = (
				4290FA641952AFAD005F61FB /* ShareSDK */,
				4185AB9318063EB9000D8FFE /* Parse.framework */,
				A86E451417C0F96500AFCA04 /* backgroundLogin.png */,
				A86E451517C0F96500AFCA04 /* LoginButton.png */,
				A86E451217C0F27000AFCA04 /* StoreKit.framework */,
				A86E451017C0F26A00AFCA04 /* Security.framework */,
				A86E450E17C0F25F00AFCA04 /* MobileCoreServices.framework */,
				A86E450C17C0F25400AFCA04 /* CoreLocation.framework */,
				A86E450A17C0F23E00AFCA04 /* CFNetwork.framework */,
				A86E450817C0F23400AFCA04 /* AudioToolbox.framework */,
				A86E450417C0EEE300AFCA04 /* libsqlite3.dylib */,
				A86E450217C0EEDA00AFCA04 /* MessageUI.framework */,
				A86E450017C0EED500AFCA04 /* libz.1.2.5.dylib */,
				A86E44FE17C0EECE00AFCA04 /* libicucore.dylib */,
				A86E44FC17C0EEC700AFCA04 /* QuartzCore.framework */,
				A86E44FA17C0EEC000AFCA04 /* CoreTelephony.framework */,
				A86E44F817C0EEB800AFCA04 /* SystemConfiguration.framework */,
				A86E447A17C0EDB800AFCA04 /* SinaLoginDemo */,
				A86E447317C0EDB800AFCA04 /* Frameworks */,
				A86E447217C0EDB800AFCA04 /* Products */,
			);
			sourceTree = "<group>";
		};
		A86E447217C0EDB800AFCA04 /* Products */ = {
			isa = PBXGroup;
			children = (
				A86E447117C0EDB800AFCA04 /* SinaLoginDemo.app */,
			);
			name = Products;
			sourceTree = "<group>";
		};
		A86E447317C0EDB800AFCA04 /* Frameworks */ = {
			isa = PBXGroup;
			children = (
				A86E447417C0EDB800AFCA04 /* UIKit.framework */,
				A86E447617C0EDB800AFCA04 /* Foundation.framework */,
				A86E447817C0EDB800AFCA04 /* CoreGraphics.framework */,
			);
			name = Frameworks;
			sourceTree = "<group>";
		};
		A86E447A17C0EDB800AFCA04 /* SinaLoginDemo */ = {
			isa = PBXGroup;
			children = (
				A86E448317C0EDB800AFCA04 /* AppDelegate.h */,
				A86E448417C0EDB800AFCA04 /* AppDelegate.m */,
				A86E448C17C0EDB800AFCA04 /* ViewController.h */,
				A86E448D17C0EDB800AFCA04 /* ViewController.m */,
				A86E448F17C0EDB800AFCA04 /* ViewController_iPhone.xib */,
				A86E449217C0EDB800AFCA04 /* ViewController_iPad.xib */,
				A86E447B17C0EDB800AFCA04 /* Supporting Files */,
				A86E451817C1015A00AFCA04 /* MainViewController.h */,
				A86E451917C1015A00AFCA04 /* MainViewController.m */,
			);
			path = SinaLoginDemo;
			sourceTree = "<group>";
		};
		A86E447B17C0EDB800AFCA04 /* Supporting Files */ = {
			isa = PBXGroup;
			children = (
				A86E447C17C0EDB800AFCA04 /* SinaLoginDemo-Info.plist */,
				A86E447D17C0EDB800AFCA04 /* InfoPlist.strings */,
				A86E448017C0EDB800AFCA04 /* main.m */,
				A86E448217C0EDB800AFCA04 /* SinaLoginDemo-Prefix.pch */,
				A86E448617C0EDB800AFCA04 /* Default.png */,
				A86E448817C0EDB800AFCA04 /* Default@2x.png */,
				A86E448A17C0EDB800AFCA04 /* Default-568h@2x.png */,
			);
			name = "Supporting Files";
			sourceTree = "<group>";
		};
/* End PBXGroup section */

/* Begin PBXNativeTarget section */
		A86E447017C0EDB800AFCA04 /* SinaLoginDemo */ = {
			isa = PBXNativeTarget;
			buildConfigurationList = A86E449717C0EDB800AFCA04 /* Build configuration list for PBXNativeTarget "SinaLoginDemo" */;
			buildPhases = (
				A86E446D17C0EDB800AFCA04 /* Sources */,
				A86E446E17C0EDB800AFCA04 /* Frameworks */,
				A86E446F17C0EDB800AFCA04 /* Resources */,
			);
			buildRules = (
			);
			dependencies = (
			);
			name = SinaLoginDemo;
			productName = SinaLoginDemo;
			productReference = A86E447117C0EDB800AFCA04 /* SinaLoginDemo.app */;
			productType = "com.apple.product-type.application";
		};
/* End PBXNativeTarget section */

/* Begin PBXProject section */
		A86E446917C0EDB800AFCA04 /* Project object */ = {
			isa = PBXProject;
			attributes = {
				LastUpgradeCheck = 0460;
				ORGANIZATIONNAME = vimfung;
			};
			buildConfigurationList = A86E446C17C0EDB800AFCA04 /* Build configuration list for PBXProject "SinaLoginDemo" */;
			compatibilityVersion = "Xcode 3.2";
			developmentRegion = English;
			hasScannedForEncodings = 0;
			knownRegions = (
				en,
				"zh-Hans",
			);
			mainGroup = A86E446817C0EDB700AFCA04;
			productRefGroup = A86E447217C0EDB800AFCA04 /* Products */;
			projectDirPath = "";
			projectRoot = "";
			targets = (
				A86E447017C0EDB800AFCA04 /* SinaLoginDemo */,
			);
		};
/* End PBXProject section */

/* Begin PBXResourcesBuildPhase section */
		A86E446F17C0EDB800AFCA04 /* Resources */ = {
			isa = PBXResourcesBuildPhase;
			buildActionMask = 2147483647;
			files = (
				4290FAF31952AFB1005F61FB /* ShareSDKiPhoneSimpleShareViewUI.bundle in Resources */,
				A86E447F17C0EDB800AFCA04 /* InfoPlist.strings in Resources */,
				4290FAD91952AFAF005F61FB /* Resource.bundle in Resources */,
				A86E448717C0EDB800AFCA04 /* Default.png in Resources */,
				4290FAEE1952AFB1005F61FB /* ShareSDKiPadSimpleShareViewUI.bundle in Resources */,
				4290FAD81952AFAF005F61FB /* ShareSDKLocalizable.strings in Resources */,
				4290FAE11952AFB0005F61FB /* TencentOpenApi_IOS_Bundle.bundle in Resources */,
				A86E448917C0EDB800AFCA04 /* Default@2x.png in Resources */,
				A86E448B17C0EDB800AFCA04 /* Default-568h@2x.png in Resources */,
				4290FAF11952AFB1005F61FB /* ShareSDKiPhoneDefaultShareViewUI.bundle in Resources */,
				4290FADF1952AFAF005F61FB /* PinterestSDKResources.bundle in Resources */,
				A86E449117C0EDB800AFCA04 /* ViewController_iPhone.xib in Resources */,
				4290FAC11952AFAF005F61FB /* InstapaperResource.bundle in Resources */,
				4290FAE21952AFB0005F61FB /* RennSDK.bundle in Resources */,
				4290FAEA1952AFB0005F61FB /* ShareSDKFlatShareViewUI.bundle in Resources */,
				A86E449417C0EDB800AFCA04 /* ViewController_iPad.xib in Resources */,
				4290FAEC1952AFB1005F61FB /* ShareSDKiPadDefaultShareViewUI.bundle in Resources */,
				A86E451617C0F96500AFCA04 /* backgroundLogin.png in Resources */,
				4290FADC1952AFAF005F61FB /* GooglePlus.bundle in Resources */,
				A86E451717C0F96500AFCA04 /* LoginButton.png in Resources */,
				4290FAE51952AFB0005F61FB /* WeiboSDK.bundle in Resources */,
			);
			runOnlyForDeploymentPostprocessing = 0;
		};
/* End PBXResourcesBuildPhase section */

/* Begin PBXSourcesBuildPhase section */
		A86E446D17C0EDB800AFCA04 /* Sources */ = {
			isa = PBXSourcesBuildPhase;
			buildActionMask = 2147483647;
			files = (
				A86E448117C0EDB800AFCA04 /* main.m in Sources */,
				A86E448517C0EDB800AFCA04 /* AppDelegate.m in Sources */,
				A86E448E17C0EDB800AFCA04 /* ViewController.m in Sources */,
				A86E451A17C1015A00AFCA04 /* MainViewController.m in Sources */,
			);
			runOnlyForDeploymentPostprocessing = 0;
		};
/* End PBXSourcesBuildPhase section */

/* Begin PBXVariantGroup section */
		4290FA871952AFAE005F61FB /* ShareSDKLocalizable.strings */ = {
			isa = PBXVariantGroup;
			children = (
				4290FA881952AFAE005F61FB /* en */,
				4290FA8B1952AFAE005F61FB /* zh-Hans */,
			);
			name = ShareSDKLocalizable.strings;
			sourceTree = "<group>";
		};
		A86E447D17C0EDB800AFCA04 /* InfoPlist.strings */ = {
			isa = PBXVariantGroup;
			children = (
				A86E447E17C0EDB800AFCA04 /* en */,
			);
			name = InfoPlist.strings;
			sourceTree = "<group>";
		};
		A86E448F17C0EDB800AFCA04 /* ViewController_iPhone.xib */ = {
			isa = PBXVariantGroup;
			children = (
				A86E449017C0EDB800AFCA04 /* en */,
			);
			name = ViewController_iPhone.xib;
			sourceTree = "<group>";
		};
		A86E449217C0EDB800AFCA04 /* ViewController_iPad.xib */ = {
			isa = PBXVariantGroup;
			children = (
				A86E449317C0EDB800AFCA04 /* en */,
			);
			name = ViewController_iPad.xib;
			sourceTree = "<group>";
		};
/* End PBXVariantGroup section */

/* Begin XCBuildConfiguration section */
		A86E449517C0EDB800AFCA04 /* Debug */ = {
			isa = XCBuildConfiguration;
			buildSettings = {
				ALWAYS_SEARCH_USER_PATHS = NO;
				CLANG_CXX_LANGUAGE_STANDARD = "gnu++0x";
				CLANG_CXX_LIBRARY = "libc++";
				CLANG_WARN_CONSTANT_CONVERSION = YES;
				CLANG_WARN_EMPTY_BODY = YES;
				CLANG_WARN_ENUM_CONVERSION = YES;
				CLANG_WARN_INT_CONVERSION = YES;
				CLANG_WARN__DUPLICATE_METHOD_MATCH = YES;
				"CODE_SIGN_IDENTITY[sdk=iphoneos*]" = "iPhone Developer";
				COPY_PHASE_STRIP = NO;
				GCC_C_LANGUAGE_STANDARD = gnu99;
				GCC_DYNAMIC_NO_PIC = NO;
				GCC_OPTIMIZATION_LEVEL = 0;
				GCC_PREPROCESSOR_DEFINITIONS = (
					"DEBUG=1",
					"$(inherited)",
				);
				GCC_SYMBOLS_PRIVATE_EXTERN = NO;
				GCC_WARN_ABOUT_RETURN_TYPE = YES;
				GCC_WARN_UNINITIALIZED_AUTOS = YES;
				GCC_WARN_UNUSED_VARIABLE = YES;
				IPHONEOS_DEPLOYMENT_TARGET = 6.1;
				ONLY_ACTIVE_ARCH = YES;
				SDKROOT = iphoneos;
				TARGETED_DEVICE_FAMILY = "1,2";
			};
			name = Debug;
		};
		A86E449617C0EDB800AFCA04 /* Release */ = {
			isa = XCBuildConfiguration;
			buildSettings = {
				ALWAYS_SEARCH_USER_PATHS = NO;
				CLANG_CXX_LANGUAGE_STANDARD = "gnu++0x";
				CLANG_CXX_LIBRARY = "libc++";
				CLANG_WARN_CONSTANT_CONVERSION = YES;
				CLANG_WARN_EMPTY_BODY = YES;
				CLANG_WARN_ENUM_CONVERSION = YES;
				CLANG_WARN_INT_CONVERSION = YES;
				CLANG_WARN__DUPLICATE_METHOD_MATCH = YES;
				"CODE_SIGN_IDENTITY[sdk=iphoneos*]" = "iPhone Developer";
				COPY_PHASE_STRIP = YES;
				GCC_C_LANGUAGE_STANDARD = gnu99;
				GCC_WARN_ABOUT_RETURN_TYPE = YES;
				GCC_WARN_UNINITIALIZED_AUTOS = YES;
				GCC_WARN_UNUSED_VARIABLE = YES;
				IPHONEOS_DEPLOYMENT_TARGET = 6.1;
				OTHER_CFLAGS = "-DNS_BLOCK_ASSERTIONS=1";
				SDKROOT = iphoneos;
				TARGETED_DEVICE_FAMILY = "1,2";
				VALIDATE_PRODUCT = YES;
			};
			name = Release;
		};
		A86E449817C0EDB800AFCA04 /* Debug */ = {
			isa = XCBuildConfiguration;
			buildSettings = {
				FRAMEWORK_SEARCH_PATHS = (
					"$(inherited)",
					"$(SRCROOT)",
					"$(SRCROOT)/ShareSDK/Connection",
					"$(SRCROOT)/ShareSDK/Core",
					"$(SRCROOT)/ShareSDK/Extend/GooglePlusSDK",
					"$(SRCROOT)/ShareSDK/Extend/Pinterest.embeddedframework",
					"$(SRCROOT)/ShareSDK/Extend/QQConnectSDK",
					"$(SRCROOT)/ShareSDK/Extend/RenRenSDK",
					"$(SRCROOT)/ShareSDK",
					"$(SRCROOT)/ShareSDK/UI",
				);
				GCC_PRECOMPILE_PREFIX_HEADER = YES;
				GCC_PREFIX_HEADER = "SinaLoginDemo/SinaLoginDemo-Prefix.pch";
				INFOPLIST_FILE = "SinaLoginDemo/SinaLoginDemo-Info.plist";
				IPHONEOS_DEPLOYMENT_TARGET = 4.3;
				LIBRARY_SEARCH_PATHS = (
					"$(inherited)",
					"$(SRCROOT)/ShareSDK/Extend/SinaWeiboSDK",
					"$(SRCROOT)/ShareSDK/Extend/TencentWeiboSDK",
					"$(SRCROOT)/ShareSDK/Extend/WeChatSDK",
					"$(SRCROOT)/ShareSDK/Extend/YiXinSDK",
				);
				PRODUCT_NAME = "$(TARGET_NAME)";
				WRAPPER_EXTENSION = app;
			};
			name = Debug;
		};
		A86E449917C0EDB800AFCA04 /* Release */ = {
			isa = XCBuildConfiguration;
			buildSettings = {
				FRAMEWORK_SEARCH_PATHS = (
					"$(inherited)",
					"$(SRCROOT)",
					"$(SRCROOT)/ShareSDK/Connection",
					"$(SRCROOT)/ShareSDK/Core",
					"$(SRCROOT)/ShareSDK/Extend/GooglePlusSDK",
					"$(SRCROOT)/ShareSDK/Extend/Pinterest.embeddedframework",
					"$(SRCROOT)/ShareSDK/Extend/QQConnectSDK",
					"$(SRCROOT)/ShareSDK/Extend/RenRenSDK",
					"$(SRCROOT)/ShareSDK",
					"$(SRCROOT)/ShareSDK/UI",
				);
				GCC_PRECOMPILE_PREFIX_HEADER = YES;
				GCC_PREFIX_HEADER = "SinaLoginDemo/SinaLoginDemo-Prefix.pch";
				INFOPLIST_FILE = "SinaLoginDemo/SinaLoginDemo-Info.plist";
				IPHONEOS_DEPLOYMENT_TARGET = 4.3;
				LIBRARY_SEARCH_PATHS = (
					"$(inherited)",
					"$(SRCROOT)/ShareSDK/Extend/SinaWeiboSDK",
					"$(SRCROOT)/ShareSDK/Extend/TencentWeiboSDK",
					"$(SRCROOT)/ShareSDK/Extend/WeChatSDK",
					"$(SRCROOT)/ShareSDK/Extend/YiXinSDK",
				);
				PRODUCT_NAME = "$(TARGET_NAME)";
				WRAPPER_EXTENSION = app;
			};
			name = Release;
		};
/* End XCBuildConfiguration section */

/* Begin XCConfigurationList section */
		A86E446C17C0EDB800AFCA04 /* Build configuration list for PBXProject "SinaLoginDemo" */ = {
			isa = XCConfigurationList;
			buildConfigurations = (
				A86E449517C0EDB800AFCA04 /* Debug */,
				A86E449617C0EDB800AFCA04 /* Release */,
			);
			defaultConfigurationIsVisible = 0;
			defaultConfigurationName = Release;
		};
		A86E449717C0EDB800AFCA04 /* Build configuration list for PBXNativeTarget "SinaLoginDemo" */ = {
			isa = XCConfigurationList;
			buildConfigurations = (
				A86E449817C0EDB800AFCA04 /* Debug */,
				A86E449917C0EDB800AFCA04 /* Release */,
			);
			defaultConfigurationIsVisible = 0;
			defaultConfigurationName = Release;
		};
/* End XCConfigurationList section */
	};
	rootObject = A86E446917C0EDB800AFCA04 /* Project object */;
}
